{
  "version": 4,
  "terraform_version": "1.11.4",
  "serial": 26,
  "lineage": "9f7942c6-f58f-674a-da71-5fd0b8442c2c",
  "outputs": {
    "bucket_arns": {
      "value": {
        "us-east-1": "arn:aws:s3:::id-iaac-aliases-s3-bucket-us-east-1-e83a7800",
        "us-west-2": "arn:aws:s3:::id-iaac-aliases-s3-bucket-us-west-2-20651ae4"
      },
      "type": [
        "object",
        {
          "us-east-1": "string",
          "us-west-2": "string"
        }
      ]
    },
    "bucket_regions": {
      "value": {
        "id-iaac-aliases-s3-bucket-us-east-1-e83a7800": "us-east-1",
        "id-iaac-aliases-s3-bucket-us-west-2-20651ae4": "us-west-2"
      },
      "type": [
        "object",
        {
          "id-iaac-aliases-s3-bucket-us-east-1-e83a7800": "string",
          "id-iaac-aliases-s3-bucket-us-west-2-20651ae4": "string"
        }
      ]
    },
    "bucket_replication_status": {
      "value": {
        "id-iaac-aliases-s3-bucket-us-east-1-e83a7800: var.regions[0]": {
          "bucket": "id-iaac-aliases-s3-bucket-us-east-1-e83a7800",
          "expected_bucket_owner": "",
          "id": "id-iaac-aliases-s3-bucket-us-east-1-e83a7800",
          "rule": [
            {
              "abort_incomplete_multipart_upload": [],
              "expiration": [],
              "filter": [],
              "id": "transition-to-glacier",
              "noncurrent_version_expiration": [],
              "noncurrent_version_transition": [],
              "prefix": "",
              "status": "Enabled",
              "transition": [
                {
                  "date": null,
                  "days": 90,
                  "storage_class": "GLACIER"
                }
              ]
            }
          ],
          "timeouts": null,
          "transition_default_minimum_object_size": "all_storage_classes_128K"
        },
        "id-iaac-aliases-s3-bucket-us-west-2-20651ae4: var.regions[1]": {
          "bucket": "id-iaac-aliases-s3-bucket-us-west-2-20651ae4",
          "expected_bucket_owner": "",
          "id": "id-iaac-aliases-s3-bucket-us-west-2-20651ae4",
          "rule": [
            {
              "abort_incomplete_multipart_upload": [],
              "expiration": [],
              "filter": [],
              "id": "transition-to-glacier",
              "noncurrent_version_expiration": [],
              "noncurrent_version_transition": [],
              "prefix": "",
              "status": "Enabled",
              "transition": [
                {
                  "date": null,
                  "days": 90,
                  "storage_class": "GLACIER"
                }
              ]
            }
          ],
          "timeouts": null,
          "transition_default_minimum_object_size": "all_storage_classes_128K"
        }
      },
      "type": [
        "object",
        {
          "id-iaac-aliases-s3-bucket-us-east-1-e83a7800: var.regions[0]": [
            "object",
            {
              "bucket": "string",
              "expected_bucket_owner": "string",
              "id": "string",
              "rule": [
                "list",
                [
                  "object",
                  {
                    "abort_incomplete_multipart_upload": [
                      "list",
                      [
                        "object",
                        {
                          "days_after_initiation": "number"
                        }
                      ]
                    ],
                    "expiration": [
                      "list",
                      [
                        "object",
                        {
                          "date": "string",
                          "days": "number",
                          "expired_object_delete_marker": "bool"
                        }
                      ]
                    ],
                    "filter": [
                      "list",
                      [
                        "object",
                        {
                          "and": [
                            "list",
                            [
                              "object",
                              {
                                "object_size_greater_than": "number",
                                "object_size_less_than": "number",
                                "prefix": "string",
                                "tags": [
                                  "map",
                                  "string"
                                ]
                              }
                            ]
                          ],
                          "object_size_greater_than": "number",
                          "object_size_less_than": "number",
                          "prefix": "string",
                          "tag": [
                            "list",
                            [
                              "object",
                              {
                                "key": "string",
                                "value": "string"
                              }
                            ]
                          ]
                        }
                      ]
                    ],
                    "id": "string",
                    "noncurrent_version_expiration": [
                      "list",
                      [
                        "object",
                        {
                          "newer_noncurrent_versions": "number",
                          "noncurrent_days": "number"
                        }
                      ]
                    ],
                    "noncurrent_version_transition": [
                      "set",
                      [
                        "object",
                        {
                          "newer_noncurrent_versions": "number",
                          "noncurrent_days": "number",
                          "storage_class": "string"
                        }
                      ]
                    ],
                    "prefix": "string",
                    "status": "string",
                    "transition": [
                      "set",
                      [
                        "object",
                        {
                          "date": "string",
                          "days": "number",
                          "storage_class": "string"
                        }
                      ]
                    ]
                  }
                ]
              ],
              "timeouts": [
                "object",
                {
                  "create": "string",
                  "update": "string"
                }
              ],
              "transition_default_minimum_object_size": "string"
            }
          ],
          "id-iaac-aliases-s3-bucket-us-west-2-20651ae4: var.regions[1]": [
            "object",
            {
              "bucket": "string",
              "expected_bucket_owner": "string",
              "id": "string",
              "rule": [
                "list",
                [
                  "object",
                  {
                    "abort_incomplete_multipart_upload": [
                      "list",
                      [
                        "object",
                        {
                          "days_after_initiation": "number"
                        }
                      ]
                    ],
                    "expiration": [
                      "list",
                      [
                        "object",
                        {
                          "date": "string",
                          "days": "number",
                          "expired_object_delete_marker": "bool"
                        }
                      ]
                    ],
                    "filter": [
                      "list",
                      [
                        "object",
                        {
                          "and": [
                            "list",
                            [
                              "object",
                              {
                                "object_size_greater_than": "number",
                                "object_size_less_than": "number",
                                "prefix": "string",
                                "tags": [
                                  "map",
                                  "string"
                                ]
                              }
                            ]
                          ],
                          "object_size_greater_than": "number",
                          "object_size_less_than": "number",
                          "prefix": "string",
                          "tag": [
                            "list",
                            [
                              "object",
                              {
                                "key": "string",
                                "value": "string"
                              }
                            ]
                          ]
                        }
                      ]
                    ],
                    "id": "string",
                    "noncurrent_version_expiration": [
                      "list",
                      [
                        "object",
                        {
                          "newer_noncurrent_versions": "number",
                          "noncurrent_days": "number"
                        }
                      ]
                    ],
                    "noncurrent_version_transition": [
                      "set",
                      [
                        "object",
                        {
                          "newer_noncurrent_versions": "number",
                          "noncurrent_days": "number",
                          "storage_class": "string"
                        }
                      ]
                    ],
                    "prefix": "string",
                    "status": "string",
                    "transition": [
                      "set",
                      [
                        "object",
                        {
                          "date": "string",
                          "days": "number",
                          "storage_class": "string"
                        }
                      ]
                    ]
                  }
                ]
              ],
              "timeouts": [
                "object",
                {
                  "create": "string",
                  "update": "string"
                }
              ],
              "transition_default_minimum_object_size": "string"
            }
          ]
        }
      ]
    }
  },
  "resources": [
    {
      "mode": "managed",
      "type": "aws_s3_bucket",
      "name": "s3_us_east_1",
      "provider": "provider[\"registry.terraform.io/hashicorp/aws\"]",
      "instances": [
        {
          "schema_version": 0,
          "attributes": {
            "acceleration_status": "",
            "acl": null,
            "arn": "arn:aws:s3:::id-iaac-aliases-s3-bucket-us-east-1-e83a7800",
            "bucket": "id-iaac-aliases-s3-bucket-us-east-1-e83a7800",
            "bucket_domain_name": "id-iaac-aliases-s3-bucket-us-east-1-e83a7800.s3.amazonaws.com",
            "bucket_prefix": "",
            "bucket_regional_domain_name": "id-iaac-aliases-s3-bucket-us-east-1-e83a7800.s3.us-east-1.amazonaws.com",
            "cors_rule": [],
            "force_destroy": false,
            "grant": [
              {
                "id": "ca7f513569e6392cc5738df0ea5404de94a5013466e0f39740061cf4b443b2ce",
                "permissions": [
                  "FULL_CONTROL"
                ],
                "type": "CanonicalUser",
                "uri": ""
              }
            ],
            "hosted_zone_id": "Z3AQBSTGFYJSTF",
            "id": "id-iaac-aliases-s3-bucket-us-east-1-e83a7800",
            "lifecycle_rule": [
              {
                "abort_incomplete_multipart_upload_days": 0,
                "enabled": true,
                "expiration": [],
                "id": "transition-to-glacier",
                "noncurrent_version_expiration": [],
                "noncurrent_version_transition": [],
                "prefix": "",
                "tags": {},
                "transition": [
                  {
                    "date": "",
                    "days": 90,
                    "storage_class": "GLACIER"
                  }
                ]
              }
            ],
            "logging": [],
            "object_lock_configuration": [],
            "object_lock_enabled": false,
            "policy": "",
            "region": "us-east-1",
            "replication_configuration": [],
            "request_payer": "BucketOwner",
            "server_side_encryption_configuration": [
              {
                "rule": [
                  {
                    "apply_server_side_encryption_by_default": [
                      {
                        "kms_master_key_id": "",
                        "sse_algorithm": "AES256"
                      }
                    ],
                    "bucket_key_enabled": false
                  }
                ]
              }
            ],
            "tags": {},
            "tags_all": {},
            "timeouts": null,
            "versioning": [
              {
                "enabled": true,
                "mfa_delete": false
              }
            ],
            "website": [],
            "website_domain": null,
            "website_endpoint": null
          },
          "sensitive_attributes": [],
          "private": "eyJlMmJmYjczMC1lY2FhLTExZTYtOGY4OC0zNDM2M2JjN2M0YzAiOnsiY3JlYXRlIjoxMjAwMDAwMDAwMDAwLCJkZWxldGUiOjM2MDAwMDAwMDAwMDAsInJlYWQiOjEyMDAwMDAwMDAwMDAsInVwZGF0ZSI6MTIwMDAwMDAwMDAwMH19",
          "dependencies": [
            "random_id.bucket_suffix"
          ]
        }
      ]
    },
    {
      "mode": "managed",
      "type": "aws_s3_bucket",
      "name": "s3_us_west_2",
      "provider": "provider[\"registry.terraform.io/hashicorp/aws\"].us_west_2",
      "instances": [
        {
          "schema_version": 0,
          "attributes": {
            "acceleration_status": "",
            "acl": null,
            "arn": "arn:aws:s3:::id-iaac-aliases-s3-bucket-us-west-2-20651ae4",
            "bucket": "id-iaac-aliases-s3-bucket-us-west-2-20651ae4",
            "bucket_domain_name": "id-iaac-aliases-s3-bucket-us-west-2-20651ae4.s3.amazonaws.com",
            "bucket_prefix": "",
            "bucket_regional_domain_name": "id-iaac-aliases-s3-bucket-us-west-2-20651ae4.s3.us-west-2.amazonaws.com",
            "cors_rule": [],
            "force_destroy": false,
            "grant": [
              {
                "id": "ca7f513569e6392cc5738df0ea5404de94a5013466e0f39740061cf4b443b2ce",
                "permissions": [
                  "FULL_CONTROL"
                ],
                "type": "CanonicalUser",
                "uri": ""
              }
            ],
            "hosted_zone_id": "Z3BJ6K6RIION7M",
            "id": "id-iaac-aliases-s3-bucket-us-west-2-20651ae4",
            "lifecycle_rule": [
              {
                "abort_incomplete_multipart_upload_days": 0,
                "enabled": true,
                "expiration": [],
                "id": "transition-to-glacier",
                "noncurrent_version_expiration": [],
                "noncurrent_version_transition": [],
                "prefix": "",
                "tags": {},
                "transition": [
                  {
                    "date": "",
                    "days": 90,
                    "storage_class": "GLACIER"
                  }
                ]
              }
            ],
            "logging": [],
            "object_lock_configuration": [],
            "object_lock_enabled": false,
            "policy": "",
            "region": "us-west-2",
            "replication_configuration": [],
            "request_payer": "BucketOwner",
            "server_side_encryption_configuration": [
              {
                "rule": [
                  {
                    "apply_server_side_encryption_by_default": [
                      {
                        "kms_master_key_id": "",
                        "sse_algorithm": "AES256"
                      }
                    ],
                    "bucket_key_enabled": false
                  }
                ]
              }
            ],
            "tags": {},
            "tags_all": {},
            "timeouts": null,
            "versioning": [
              {
                "enabled": true,
                "mfa_delete": false
              }
            ],
            "website": [],
            "website_domain": null,
            "website_endpoint": null
          },
          "sensitive_attributes": [],
          "private": "eyJlMmJmYjczMC1lY2FhLTExZTYtOGY4OC0zNDM2M2JjN2M0YzAiOnsiY3JlYXRlIjoxMjAwMDAwMDAwMDAwLCJkZWxldGUiOjM2MDAwMDAwMDAwMDAsInJlYWQiOjEyMDAwMDAwMDAwMDAsInVwZGF0ZSI6MTIwMDAwMDAwMDAwMH19",
          "dependencies": [
            "random_id.bucket_suffix"
          ]
        }
      ]
    },
    {
      "mode": "managed",
      "type": "aws_s3_bucket_lifecycle_configuration",
      "name": "s3_us_east_1",
      "provider": "provider[\"registry.terraform.io/hashicorp/aws\"]",
      "instances": [
        {
          "schema_version": 1,
          "attributes": {
            "bucket": "id-iaac-aliases-s3-bucket-us-east-1-e83a7800",
            "expected_bucket_owner": "",
            "id": "id-iaac-aliases-s3-bucket-us-east-1-e83a7800",
            "rule": [
              {
                "abort_incomplete_multipart_upload": [],
                "expiration": [],
                "filter": [],
                "id": "transition-to-glacier",
                "noncurrent_version_expiration": [],
                "noncurrent_version_transition": [],
                "prefix": "",
                "status": "Enabled",
                "transition": [
                  {
                    "date": null,
                    "days": 90,
                    "storage_class": "GLACIER"
                  }
                ]
              }
            ],
            "timeouts": null,
            "transition_default_minimum_object_size": "all_storage_classes_128K"
          },
          "sensitive_attributes": [],
          "dependencies": [
            "aws_s3_bucket.s3_us_east_1",
            "random_id.bucket_suffix"
          ]
        }
      ]
    },
    {
      "mode": "managed",
      "type": "aws_s3_bucket_lifecycle_configuration",
      "name": "s3_us_west_2",
      "provider": "provider[\"registry.terraform.io/hashicorp/aws\"].us_west_2",
      "instances": [
        {
          "schema_version": 1,
          "attributes": {
            "bucket": "id-iaac-aliases-s3-bucket-us-west-2-20651ae4",
            "expected_bucket_owner": "",
            "id": "id-iaac-aliases-s3-bucket-us-west-2-20651ae4",
            "rule": [
              {
                "abort_incomplete_multipart_upload": [],
                "expiration": [],
                "filter": [],
                "id": "transition-to-glacier",
                "noncurrent_version_expiration": [],
                "noncurrent_version_transition": [],
                "prefix": "",
                "status": "Enabled",
                "transition": [
                  {
                    "date": null,
                    "days": 90,
                    "storage_class": "GLACIER"
                  }
                ]
              }
            ],
            "timeouts": null,
            "transition_default_minimum_object_size": "all_storage_classes_128K"
          },
          "sensitive_attributes": [],
          "dependencies": [
            "aws_s3_bucket.s3_us_west_2",
            "random_id.bucket_suffix"
          ]
        }
      ]
    },
    {
      "mode": "managed",
      "type": "aws_s3_bucket_versioning",
      "name": "s3_us_east_1",
      "provider": "provider[\"registry.terraform.io/hashicorp/aws\"]",
      "instances": [
        {
          "schema_version": 0,
          "attributes": {
            "bucket": "id-iaac-aliases-s3-bucket-us-east-1-e83a7800",
            "expected_bucket_owner": "",
            "id": "id-iaac-aliases-s3-bucket-us-east-1-e83a7800",
            "mfa": null,
            "versioning_configuration": [
              {
                "mfa_delete": "",
                "status": "Enabled"
              }
            ]
          },
          "sensitive_attributes": [],
          "private": "bnVsbA==",
          "dependencies": [
            "aws_s3_bucket.s3_us_east_1",
            "random_id.bucket_suffix"
          ]
        }
      ]
    },
    {
      "mode": "managed",
      "type": "aws_s3_bucket_versioning",
      "name": "s3_us_west_2",
      "provider": "provider[\"registry.terraform.io/hashicorp/aws\"].us_west_2",
      "instances": [
        {
          "schema_version": 0,
          "attributes": {
            "bucket": "id-iaac-aliases-s3-bucket-us-west-2-20651ae4",
            "expected_bucket_owner": "",
            "id": "id-iaac-aliases-s3-bucket-us-west-2-20651ae4",
            "mfa": null,
            "versioning_configuration": [
              {
                "mfa_delete": "",
                "status": "Enabled"
              }
            ]
          },
          "sensitive_attributes": [],
          "private": "bnVsbA==",
          "dependencies": [
            "aws_s3_bucket.s3_us_west_2",
            "random_id.bucket_suffix"
          ]
        }
      ]
    },
    {
      "mode": "managed",
      "type": "random_id",
      "name": "bucket_suffix",
      "provider": "provider[\"registry.terraform.io/hashicorp/random\"]",
      "instances": [
        {
          "index_key": 0,
          "schema_version": 0,
          "attributes": {
            "b64_std": "6Dp4AA==",
            "b64_url": "6Dp4AA",
            "byte_length": 4,
            "dec": "3896145920",
            "hex": "e83a7800",
            "id": "6Dp4AA",
            "keepers": null,
            "prefix": null
          },
          "sensitive_attributes": []
        },
        {
          "index_key": 1,
          "schema_version": 0,
          "attributes": {
            "b64_std": "IGUa5A==",
            "b64_url": "IGUa5A",
            "byte_length": 4,
            "dec": "543496932",
            "hex": "20651ae4",
            "id": "IGUa5A",
            "keepers": null,
            "prefix": null
          },
          "sensitive_attributes": []
        }
      ]
    }
  ],
  "check_results": null
}
